
Microsoft Visual Studio Solution File, Format Version 12.00
# Visual Studio Version 17
VisualStudioVersion = 17.14.36408.4 d17.14
MinimumVisualStudioVersion = 10.0.40219.1
Project("{FAE04EC0-301F-11D3-BF4B-00C04F79EFBC}") = "peoject", "peoject.csproj", "{2DA7C550-2626-482C-B57E-596CE25393A8}"
EndProject
Global
	GlobalSection(SolutionConfigurationPlatforms) = preSolution
		Debug|Any CPU = Debug|Any CPU
		Release|Any CPU = Release|Any CPU
	EndGlobalSection
	GlobalSection(ProjectConfigurationPlatforms) = postSolution
		{2DA7C550-2626-482C-B57E-596CE25393A8}.Debug|Any CPU.ActiveCfg = Debug|Any CPU
		{2DA7C550-2626-482C-B57E-596CE25393A8}.Debug|Any CPU.Build.0 = Debug|Any CPU
		{2DA7C550-2626-482C-B57E-596CE25393A8}.Release|Any CPU.ActiveCfg = Release|Any CPU
		{2DA7C550-2626-482C-B57E-596CE25393A8}.Release|Any CPU.Build.0 = Release|Any CPU
	EndGlobalSection
	GlobalSection(SolutionProperties) = preSolution
		HideSolutionNode = FALSE
	EndGlobalSection
	GlobalSection(ExtensibilityGlobals) = postSolution
		SolutionGuid = {590D9D0B-0299-4D9E-B53F-494B690D9489}
	EndGlobalSection
EndGlobal
